
Microsoft Visual Studio Solution File, Format Version 12.00
# Visual Studio 15
VisualStudioVersion = 15.0.28307.438
MinimumVisualStudioVersion = 10.0.40219.1
Project("{FAE04EC0-301F-11D3-BF4B-00C04F79EFBC}") = "IWS", "IWS\IWS.csproj", "{52ABAE9F-069C-4B47-BE79-83E3D28279E7}"
EndProject
Project("{FAE04EC0-301F-11D3-BF4B-00C04F79EFBC}") = "IWS-Client", "IWS-Client\IWS-Client.csproj", "{275FEDE4-90E4-4D26-B5B4-C0E9CA93964C}"
EndProject
Project("{FAE04EC0-301F-11D3-BF4B-00C04F79EFBC}") = "IWS-Caching", "IWS-Caching\IWS-Caching.csproj", "{5895F272-690D-45BB-B33B-4A2C293CBCE7}"
EndProject
Project("{FAE04EC0-301F-11D3-BF4B-00C04F79EFBC}") = "IWS-Monitoring", "IWS-Monitoring\IWS-Monitoring.csproj", "{F9C173C1-AE8D-44DB-B21C-1B23FBBC99E8}"
EndProject
Global
	GlobalSection(SolutionConfigurationPlatforms) = preSolution
		Debug|Any CPU = Debug|Any CPU
		Release|Any CPU = Release|Any CPU
	EndGlobalSection
	GlobalSection(ProjectConfigurationPlatforms) = postSolution
		{52ABAE9F-069C-4B47-BE79-83E3D28279E7}.Debug|Any CPU.ActiveCfg = Debug|Any CPU
		{52ABAE9F-069C-4B47-BE79-83E3D28279E7}.Debug|Any CPU.Build.0 = Debug|Any CPU
		{52ABAE9F-069C-4B47-BE79-83E3D28279E7}.Release|Any CPU.ActiveCfg = Release|Any CPU
		{52ABAE9F-069C-4B47-BE79-83E3D28279E7}.Release|Any CPU.Build.0 = Release|Any CPU
		{275FEDE4-90E4-4D26-B5B4-C0E9CA93964C}.Debug|Any CPU.ActiveCfg = Debug|Any CPU
		{275FEDE4-90E4-4D26-B5B4-C0E9CA93964C}.Debug|Any CPU.Build.0 = Debug|Any CPU
		{275FEDE4-90E4-4D26-B5B4-C0E9CA93964C}.Release|Any CPU.ActiveCfg = Release|Any CPU
		{275FEDE4-90E4-4D26-B5B4-C0E9CA93964C}.Release|Any CPU.Build.0 = Release|Any CPU
		{5895F272-690D-45BB-B33B-4A2C293CBCE7}.Debug|Any CPU.ActiveCfg = Debug|Any CPU
		{5895F272-690D-45BB-B33B-4A2C293CBCE7}.Debug|Any CPU.Build.0 = Debug|Any CPU
		{5895F272-690D-45BB-B33B-4A2C293CBCE7}.Release|Any CPU.ActiveCfg = Release|Any CPU
		{5895F272-690D-45BB-B33B-4A2C293CBCE7}.Release|Any CPU.Build.0 = Release|Any CPU
		{F9C173C1-AE8D-44DB-B21C-1B23FBBC99E8}.Debug|Any CPU.ActiveCfg = Debug|Any CPU
		{F9C173C1-AE8D-44DB-B21C-1B23FBBC99E8}.Debug|Any CPU.Build.0 = Debug|Any CPU
		{F9C173C1-AE8D-44DB-B21C-1B23FBBC99E8}.Release|Any CPU.ActiveCfg = Release|Any CPU
		{F9C173C1-AE8D-44DB-B21C-1B23FBBC99E8}.Release|Any CPU.Build.0 = Release|Any CPU
	EndGlobalSection
	GlobalSection(SolutionProperties) = preSolution
		HideSolutionNode = FALSE
	EndGlobalSection
	GlobalSection(ExtensibilityGlobals) = postSolution
		SolutionGuid = {6E87CE30-DDE6-460A-8946-D3A58546B235}
	EndGlobalSection
EndGlobal
